Microsoft Visual Studio Solution File, Format Version 12.00
# Visual Studio Version 17
VisualStudioVersion = 17.5.2.0
MinimumVisualStudioVersion = 10.0.40219.1
Project("{FAE04EC0-301F-11D3-BF4B-00C04F79EFBC}") = "luxcli", "luxcli\luxcli.csproj", "{CE6D8464-8914-8CA8-EC62-CCAC0B22AEBB}"
EndProject
Global
	GlobalSection(SolutionConfigurationPlatforms) = preSolution
		Debug|Any CPU = Debug|Any CPU
		Release|Any CPU = Release|Any CPU
	EndGlobalSection
	GlobalSection(ProjectConfigurationPlatforms) = postSolution
		{CE6D8464-8914-8CA8-EC62-CCAC0B22AEBB}.Debug|Any CPU.ActiveCfg = Debug|Any CPU
		{CE6D8464-8914-8CA8-EC62-CCAC0B22AEBB}.Debug|Any CPU.Build.0 = Debug|Any CPU
		{CE6D8464-8914-8CA8-EC62-CCAC0B22AEBB}.Release|Any CPU.ActiveCfg = Release|Any CPU
		{CE6D8464-8914-8CA8-EC62-CCAC0B22AEBB}.Release|Any CPU.Build.0 = Release|Any CPU
	EndGlobalSection
	GlobalSection(SolutionProperties) = preSolution
		HideSolutionNode = FALSE
	EndGlobalSection
	GlobalSection(ExtensibilityGlobals) = postSolution
		SolutionGuid = {5A7A5597-0EB2-487F-978C-CCC2A58A3900}
	EndGlobalSection
EndGlobal
